// !$*UTF8*$!
{
	archiveVersion = 1;
	classes = {
	};
	objectVersion = 77;
	objects = {

/* Begin PBXBuildFile section */
		011BCDAD0C3B5D35ACFC8F62 /* MotionModuleTests.swift in Sources */ = {isa = PBXBuildFile; fileRef = A197324F3740C60FAB5187F9 /* MotionModuleTests.swift */; };
		08429B877DD68AC475DFC66F /* MeasurementFeedback.swift in Sources */ = {isa = PBXBuildFile; fileRef = F0905F098AD96661F10A79F1 /* MeasurementFeedback.swift */; };
		0C65D87D0E9FCEC2620EB0D5 /* SenseBureauUITests.swift in Sources */ = {isa = PBXBuildFile; fileRef = E0E069C691175459CE728C04 /* SenseBureauUITests.swift */; };
		0D76C42B4F78BD7EB20E92EE /* SenseBureauApp.swift in Sources */ = {isa = PBXBuildFile; fileRef = A6A3A28FA80314CB15DF2A4F /* SenseBureauApp.swift */; };
		19414B57AE7618675FA45E61 /* MeasurementRecordStoreTests.swift in Sources */ = {isa = PBXBuildFile; fileRef = B155C6F67F33D38901CFA1E9 /* MeasurementRecordStoreTests.swift */; };
		1E1225BFCC77D7CD952CA25D /* MagneticGuideScreen.swift in Sources */ = {isa = PBXBuildFile; fileRef = 45BEF145A0DFDF26D575156D /* MagneticGuideScreen.swift */; };
		2194F757C32EEA9535FF8705 /* LevelDomain.swift in Sources */ = {isa = PBXBuildFile; fileRef = FAED1C75A833D19875334C33 /* LevelDomain.swift */; };
		23681B6CFDF304D2878A2CDE /* SenseThemeTests.swift in Sources */ = {isa = PBXBuildFile; fileRef = 2C18F47358E070E94AF72091 /* SenseThemeTests.swift */; };
		2796EDDD5590D22106FB080A /* MagneticFieldDomain.swift in Sources */ = {isa = PBXBuildFile; fileRef = 7B2C83D1D768457350848314 /* MagneticFieldDomain.swift */; };
		2C5C13FFD1058B2433AFFC1B /* OFL-Doto.txt in Resources */ = {isa = PBXBuildFile; fileRef = 4086C22F8C461EA588B15EE6 /* OFL-Doto.txt */; };
		33E7CAF09A2DB3A0CF5A88A4 /* BarometerTests.swift in Sources */ = {isa = PBXBuildFile; fileRef = EEFA0A5E4370478E530089FD /* BarometerTests.swift */; };
		3758C15A8C35DF95B700E7C0 /* BarometerDomain.swift in Sources */ = {isa = PBXBuildFile; fileRef = 294ECD9CD8A5816836FEA1CE /* BarometerDomain.swift */; };
		3873F003801C81339AEC7D58 /* SenseTheme.swift in Sources */ = {isa = PBXBuildFile; fileRef = B0445E20FE455B396B952E7B /* SenseTheme.swift */; };
		393FD0919F6B2E37E18892D7 /* MeasurementSessionState.swift in Sources */ = {isa = PBXBuildFile; fileRef = 9372538C51B80D9CD63A721E /* MeasurementSessionState.swift */; };
		3EE4A3862EA9C3D9E75246D4 /* VibrationViewModel.swift in Sources */ = {isa = PBXBuildFile; fileRef = F0B0A98DA41CC68415CAC3E3 /* VibrationViewModel.swift */; };
		416099E6C7528A08BBE25284 /* VibrationDomain.swift in Sources */ = {isa = PBXBuildFile; fileRef = D556E335A641A8BA8F3B41D0 /* VibrationDomain.swift */; };
		461DD84653E67FB02AE552CB /* MagnetometerProvider.swift in Sources */ = {isa = PBXBuildFile; fileRef = D595B19CF4FD0C4723DC674B /* MagnetometerProvider.swift */; };
		4FB014D5FF61AB88B2BBE2A3 /* LevelViewModel.swift in Sources */ = {isa = PBXBuildFile; fileRef = C6D67B34BDBEB5BE9DD29CD9 /* LevelViewModel.swift */; };
		5542DC9183248DEC6E3883BE /* VibrationScreen.swift in Sources */ = {isa = PBXBuildFile; fileRef = 2D94293F6012E116FADB26CA /* VibrationScreen.swift */; };
		5A82B26295447049C3C39916 /* MagneticFieldScreen.swift in Sources */ = {isa = PBXBuildFile; fileRef = EDF0E23BEF4D60095BE7EF24 /* MagneticFieldScreen.swift */; };
		65424F7E27D785F04057BDC4 /* Localizable.strings in Resources */ = {isa = PBXBuildFile; fileRef = 8CC0CA5EDA9312CA0D770EC1 /* Localizable.strings */; };
		65B403412C4F75E2D96ED44E /* SettingsScreen.swift in Sources */ = {isa = PBXBuildFile; fileRef = 653834B19686F722C2B9BBD0 /* SettingsScreen.swift */; };
		692B47691EEA7E68F7F34845 /* MeasurementRecord.swift in Sources */ = {isa = PBXBuildFile; fileRef = 68A3F3D8AF90B059B157678F /* MeasurementRecord.swift */; };
		6FD92AE62AEB87D3DE786989 /* LevelScreen.swift in Sources */ = {isa = PBXBuildFile; fileRef = 516E69385DBD389A46FFF652 /* LevelScreen.swift */; };
		757AED7246D0FF00CED8AF05 /* AppSettingsTests.swift in Sources */ = {isa = PBXBuildFile; fileRef = B2BF698AEDB494928973630B /* AppSettingsTests.swift */; };
		7AE467267EABD055EC21FA4F /* MotionProvider.swift in Sources */ = {isa = PBXBuildFile; fileRef = 5F500431555B707731D1ECD6 /* MotionProvider.swift */; };
		831D81B469879F25401B0096 /* AppShell.swift in Sources */ = {isa = PBXBuildFile; fileRef = 30BDC1CD2CA38BDFA0B75D83 /* AppShell.swift */; };
		AC26995CCEE8EC4F9F7C7CA6 /* Doto-Variable.ttf in Resources */ = {isa = PBXBuildFile; fileRef = 1719C44304F1E62EF56E068D /* Doto-Variable.ttf */; };
		ACB093002EC73D5E1406CD0C /* InfoPlist.strings in Resources */ = {isa = PBXBuildFile; fileRef = FF9AB3A6F558D6BD35993F04 /* InfoPlist.strings */; };
		B988EBCF45ACAFC614259A38 /* BarometerViewModel.swift in Sources */ = {isa = PBXBuildFile; fileRef = E215BE87A462319A2BFB52E2 /* BarometerViewModel.swift */; };
		C4F78BA09127FEA5C7500FD4 /* BarometerProvider.swift in Sources */ = {isa = PBXBuildFile; fileRef = 08E50BADCE7385E3C54098FA /* BarometerProvider.swift */; };
		C56B3B33765B5168DE2704B7 /* BarometerScreen.swift in Sources */ = {isa = PBXBuildFile; fileRef = 8F29EFD99638A7AB79609F47 /* BarometerScreen.swift */; };
		D0B8F7BB23935CA295FD2C3E /* RecentRecordsScreen.swift in Sources */ = {isa = PBXBuildFile; fileRef = A640EB79C2ADEAC6C730964E /* RecentRecordsScreen.swift */; };
		D3F479BF8B1B07CDB3D26F0A /* MagneticFieldMathTests.swift in Sources */ = {isa = PBXBuildFile; fileRef = F12D92C025BC8E5B67329194 /* MagneticFieldMathTests.swift */; };
		DC1C768F9103773EE9B720C1 /* Assets.xcassets in Resources */ = {isa = PBXBuildFile; fileRef = E6F7A6AAB3434B9861252BCC /* Assets.xcassets */; };
		DD36902102FFDC6A9FE0D1A0 /* MagneticFieldLifecycleTests.swift in Sources */ = {isa = PBXBuildFile; fileRef = 242286AB68595439E0D9CECD /* MagneticFieldLifecycleTests.swift */; };
		DE3A14583078A6364AC3BAE8 /* SensorModuleComponents.swift in Sources */ = {isa = PBXBuildFile; fileRef = 2D50EAB74DAB52BBD640D931 /* SensorModuleComponents.swift */; };
		EBD1979818510CF48768079F /* AppSettings.swift in Sources */ = {isa = PBXBuildFile; fileRef = 93A1F20FB33DA1FF0511D83E /* AppSettings.swift */; };
		ED5A58D8D8BECF1304C5A124 /* MagneticFieldViewModel.swift in Sources */ = {isa = PBXBuildFile; fileRef = 2A3038056FC20A00D3567C56 /* MagneticFieldViewModel.swift */; };
		FF07387F48A02904D109BAEF /* LabHomeScreen.swift in Sources */ = {isa = PBXBuildFile; fileRef = 4D0A4BCB41B58034947FE990 /* LabHomeScreen.swift */; };
/* End PBXBuildFile section */

/* Begin PBXContainerItemProxy section */
		4933A8B3D17FFB752B982F65 /* PBXContainerItemProxy */ = {
			isa = PBXContainerItemProxy;
			containerPortal = 3208FD734B0D622257A77F00 /* Project object */;
			proxyType = 1;
			remoteGlobalIDString = 2968DE5BE27AA1EF10537E2B;
			remoteInfo = SenseBureau;
		};
		DB3C5EE11D44019CE4B110CE /* PBXContainerItemProxy */ = {
			isa = PBXContainerItemProxy;
			containerPortal = 3208FD734B0D622257A77F00 /* Project object */;
			proxyType = 1;
			remoteGlobalIDString = 2968DE5BE27AA1EF10537E2B;
			remoteInfo = SenseBureau;
		};
/* End PBXContainerItemProxy section */

/* Begin PBXFileReference section */
		08E50BADCE7385E3C54098FA /* BarometerProvider.swift */ = {isa = PBXFileReference; lastKnownFileType = sourcecode.swift; path = BarometerProvider.swift; sourceTree = "<group>"; };
		1719C44304F1E62EF56E068D /* Doto-Variable.ttf */ = {isa = PBXFileReference; lastKnownFileType = file; path = "Doto-Variable.ttf"; sourceTree = "<group>"; };
		1ECDFA5E1076C6B800F293B1 /* en */ = {isa = PBXFileReference; lastKnownFileType = text.plist.strings; name = en; path = en.lproj/InfoPlist.strings; sourceTree = "<group>"; };
		242286AB68595439E0D9CECD /* MagneticFieldLifecycleTests.swift */ = {isa = PBXFileReference; lastKnownFileType = sourcecode.swift; path = MagneticFieldLifecycleTests.swift; sourceTree = "<group>"; };
		294ECD9CD8A5816836FEA1CE /* BarometerDomain.swift */ = {isa = PBXFileReference; lastKnownFileType = sourcecode.swift; path = BarometerDomain.swift; sourceTree = "<group>"; };
		2A3038056FC20A00D3567C56 /* MagneticFieldViewModel.swift */ = {isa = PBXFileReference; lastKnownFileType = sourcecode.swift; path = MagneticFieldViewModel.swift; sourceTree = "<group>"; };
		2C18F47358E070E94AF72091 /* SenseThemeTests.swift */ = {isa = PBXFileReference; lastKnownFileType = sourcecode.swift; path = SenseThemeTests.swift; sourceTree = "<group>"; };
		2D50EAB74DAB52BBD640D931 /* SensorModuleComponents.swift */ = {isa = PBXFileReference; lastKnownFileType = sourcecode.swift; path = SensorModuleComponents.swift; sourceTree = "<group>"; };
		2D94293F6012E116FADB26CA /* VibrationScreen.swift */ = {isa = PBXFileReference; lastKnownFileType = sourcecode.swift; path = VibrationScreen.swift; sourceTree = "<group>"; };
		30BDC1CD2CA38BDFA0B75D83 /* AppShell.swift */ = {isa = PBXFileReference; lastKnownFileType = sourcecode.swift; path = AppShell.swift; sourceTree = "<group>"; };
		4086C22F8C461EA588B15EE6 /* OFL-Doto.txt */ = {isa = PBXFileReference; lastKnownFileType = text; path = "OFL-Doto.txt"; sourceTree = "<group>"; };
		45BEF145A0DFDF26D575156D /* MagneticGuideScreen.swift */ = {isa = PBXFileReference; lastKnownFileType = sourcecode.swift; path = MagneticGuideScreen.swift; sourceTree = "<group>"; };
		4C0C13B03FA4EFA191120570 /* zh-Hans */ = {isa = PBXFileReference; lastKnownFileType = text.plist.strings; name = "zh-Hans"; path = "zh-Hans.lproj/Localizable.strings"; sourceTree = "<group>"; };
		4D0A4BCB41B58034947FE990 /* LabHomeScreen.swift */ = {isa = PBXFileReference; lastKnownFileType = sourcecode.swift; path = LabHomeScreen.swift; sourceTree = "<group>"; };
		516E69385DBD389A46FFF652 /* LevelScreen.swift */ = {isa = PBXFileReference; lastKnownFileType = sourcecode.swift; path = LevelScreen.swift; sourceTree = "<group>"; };
		596B2AF0760CFC791B4F6913 /* en */ = {isa = PBXFileReference; lastKnownFileType = text.plist.strings; name = en; path = en.lproj/Localizable.strings; sourceTree = "<group>"; };
		5F500431555B707731D1ECD6 /* MotionProvider.swift */ = {isa = PBXFileReference; lastKnownFileType = sourcecode.swift; path = MotionProvider.swift; sourceTree = "<group>"; };
		653834B19686F722C2B9BBD0 /* SettingsScreen.swift */ = {isa = PBXFileReference; lastKnownFileType = sourcecode.swift; path = SettingsScreen.swift; sourceTree = "<group>"; };
		68A3F3D8AF90B059B157678F /* MeasurementRecord.swift */ = {isa = PBXFileReference; lastKnownFileType = sourcecode.swift; path = MeasurementRecord.swift; sourceTree = "<group>"; };
		7B2C83D1D768457350848314 /* MagneticFieldDomain.swift */ = {isa = PBXFileReference; lastKnownFileType = sourcecode.swift; path = MagneticFieldDomain.swift; sourceTree = "<group>"; };
		8F29EFD99638A7AB79609F47 /* BarometerScreen.swift */ = {isa = PBXFileReference; lastKnownFileType = sourcecode.swift; path = BarometerScreen.swift; sourceTree = "<group>"; };
		916F45AD5AF76B1D1F2870EF /* zh-Hans */ = {isa = PBXFileReference; lastKnownFileType = text.plist.strings; name = "zh-Hans"; path = "zh-Hans.lproj/InfoPlist.strings"; sourceTree = "<group>"; };
		9372538C51B80D9CD63A721E /* MeasurementSessionState.swift */ = {isa = PBXFileReference; lastKnownFileType = sourcecode.swift; path = MeasurementSessionState.swift; sourceTree = "<group>"; };
		93A1F20FB33DA1FF0511D83E /* AppSettings.swift */ = {isa = PBXFileReference; lastKnownFileType = sourcecode.swift; path = AppSettings.swift; sourceTree = "<group>"; };
		A197324F3740C60FAB5187F9 /* MotionModuleTests.swift */ = {isa = PBXFileReference; lastKnownFileType = sourcecode.swift; path = MotionModuleTests.swift; sourceTree = "<group>"; };
		A640EB79C2ADEAC6C730964E /* RecentRecordsScreen.swift */ = {isa = PBXFileReference; lastKnownFileType = sourcecode.swift; path = RecentRecordsScreen.swift; sourceTree = "<group>"; };
		A6A3A28FA80314CB15DF2A4F /* SenseBureauApp.swift */ = {isa = PBXFileReference; lastKnownFileType = sourcecode.swift; path = SenseBureauApp.swift; sourceTree = "<group>"; };
		AE2810B58BA8F677D2835884 /* Info.plist */ = {isa = PBXFileReference; lastKnownFileType = text.plist; path = Info.plist; sourceTree = "<group>"; };
		B0445E20FE455B396B952E7B /* SenseTheme.swift */ = {isa = PBXFileReference; lastKnownFileType = sourcecode.swift; path = SenseTheme.swift; sourceTree = "<group>"; };
		B155C6F67F33D38901CFA1E9 /* MeasurementRecordStoreTests.swift */ = {isa = PBXFileReference; lastKnownFileType = sourcecode.swift; path = MeasurementRecordStoreTests.swift; sourceTree = "<group>"; };
		B2BF698AEDB494928973630B /* AppSettingsTests.swift */ = {isa = PBXFileReference; lastKnownFileType = sourcecode.swift; path = AppSettingsTests.swift; sourceTree = "<group>"; };
		BFA551BCAD45419578D28943 /* SenseBureau.app */ = {isa = PBXFileReference; includeInIndex = 0; lastKnownFileType = wrapper.application; path = SenseBureau.app; sourceTree = BUILT_PRODUCTS_DIR; };
		C6D67B34BDBEB5BE9DD29CD9 /* LevelViewModel.swift */ = {isa = PBXFileReference; lastKnownFileType = sourcecode.swift; path = LevelViewModel.swift; sourceTree = "<group>"; };
		D556E335A641A8BA8F3B41D0 /* VibrationDomain.swift */ = {isa = PBXFileReference; lastKnownFileType = sourcecode.swift; path = VibrationDomain.swift; sourceTree = "<group>"; };
		D595B19CF4FD0C4723DC674B /* MagnetometerProvider.swift */ = {isa = PBXFileReference; lastKnownFileType = sourcecode.swift; path = MagnetometerProvider.swift; sourceTree = "<group>"; };
		DBCC42D4E75A65B5FA4837D0 /* SenseBureauTests.xctest */ = {isa = PBXFileReference; includeInIndex = 0; lastKnownFileType = wrapper.cfbundle; path = SenseBureauTests.xctest; sourceTree = BUILT_PRODUCTS_DIR; };
		E0E069C691175459CE728C04 /* SenseBureauUITests.swift */ = {isa = PBXFileReference; lastKnownFileType = sourcecode.swift; path = SenseBureauUITests.swift; sourceTree = "<group>"; };
		E215BE87A462319A2BFB52E2 /* BarometerViewModel.swift */ = {isa = PBXFileReference; lastKnownFileType = sourcecode.swift; path = BarometerViewModel.swift; sourceTree = "<group>"; };
		E6F7A6AAB3434B9861252BCC /* Assets.xcassets */ = {isa = PBXFileReference; lastKnownFileType = folder.assetcatalog; path = Assets.xcassets; sourceTree = "<group>"; };
		EDF0E23BEF4D60095BE7EF24 /* MagneticFieldScreen.swift */ = {isa = PBXFileReference; lastKnownFileType = sourcecode.swift; path = MagneticFieldScreen.swift; sourceTree = "<group>"; };
		EEFA0A5E4370478E530089FD /* BarometerTests.swift */ = {isa = PBXFileReference; lastKnownFileType = sourcecode.swift; path = BarometerTests.swift; sourceTree = "<group>"; };
		EF6D2C71EE6DE4EB8AEFD20A /* SenseBureauUITests.xctest */ = {isa = PBXFileReference; includeInIndex = 0; lastKnownFileType = wrapper.cfbundle; path = SenseBureauUITests.xctest; sourceTree = BUILT_PRODUCTS_DIR; };
		F0905F098AD96661F10A79F1 /* MeasurementFeedback.swift */ = {isa = PBXFileReference; lastKnownFileType = sourcecode.swift; path = MeasurementFeedback.swift; sourceTree = "<group>"; };
		F0B0A98DA41CC68415CAC3E3 /* VibrationViewModel.swift */ = {isa = PBXFileReference; lastKnownFileType = sourcecode.swift; path = VibrationViewModel.swift; sourceTree = "<group>"; };
		F12D92C025BC8E5B67329194 /* MagneticFieldMathTests.swift */ = {isa = PBXFileReference; lastKnownFileType = sourcecode.swift; path = MagneticFieldMathTests.swift; sourceTree = "<group>"; };
		FAED1C75A833D19875334C33 /* LevelDomain.swift */ = {isa = PBXFileReference; lastKnownFileType = sourcecode.swift; path = LevelDomain.swift; sourceTree = "<group>"; };
/* End PBXFileReference section */

/* Begin PBXGroup section */
		0B020AA3297273E602FAC86B /* Settings */ = {
			isa = PBXGroup;
			children = (
				653834B19686F722C2B9BBD0 /* SettingsScreen.swift */,
			);
			path = Settings;
			sourceTree = "<group>";
		};
		110FF19DBDEAC131CC2EB069 /* MeasurementCore */ = {
			isa = PBXGroup;
			children = (
				F0905F098AD96661F10A79F1 /* MeasurementFeedback.swift */,
				68A3F3D8AF90B059B157678F /* MeasurementRecord.swift */,
				9372538C51B80D9CD63A721E /* MeasurementSessionState.swift */,
				5F500431555B707731D1ECD6 /* MotionProvider.swift */,
				2D50EAB74DAB52BBD640D931 /* SensorModuleComponents.swift */,
			);
			path = MeasurementCore;
			sourceTree = "<group>";
		};
		2412435DE20E1C264BFB4B40 /* Resources */ = {
			isa = PBXGroup;
			children = (
				32A9A153523012B1837E3D0B /* Fonts */,
				FF9AB3A6F558D6BD35993F04 /* InfoPlist.strings */,
				8CC0CA5EDA9312CA0D770EC1 /* Localizable.strings */,
			);
			path = Resources;
			sourceTree = "<group>";
		};
		2B045719F41FF905730A4828 /* Vibration */ = {
			isa = PBXGroup;
			children = (
				D556E335A641A8BA8F3B41D0 /* VibrationDomain.swift */,
				2D94293F6012E116FADB26CA /* VibrationScreen.swift */,
				F0B0A98DA41CC68415CAC3E3 /* VibrationViewModel.swift */,
			);
			path = Vibration;
			sourceTree = "<group>";
		};
		32A9A153523012B1837E3D0B /* Fonts */ = {
			isa = PBXGroup;
			children = (
				1719C44304F1E62EF56E068D /* Doto-Variable.ttf */,
				4086C22F8C461EA588B15EE6 /* OFL-Doto.txt */,
			);
			path = Fonts;
			sourceTree = "<group>";
		};
		3579373AFECE731526792D9A = {
			isa = PBXGroup;
			children = (
				D078B798C55EBA4EBB851D14 /* SenseBureau */,
				BA3CA6F46E4E1A0382CC1B10 /* SenseBureauTests */,
				FAB02DFEF502018FA77EBA2F /* SenseBureauUITests */,
				B1CB046E6F058EFEA8C02298 /* Products */,
			);
			sourceTree = "<group>";
		};
		55A3FCDE8AAA247D519F9FCE /* Barometer */ = {
			isa = PBXGroup;
			children = (
				294ECD9CD8A5816836FEA1CE /* BarometerDomain.swift */,
				08E50BADCE7385E3C54098FA /* BarometerProvider.swift */,
				8F29EFD99638A7AB79609F47 /* BarometerScreen.swift */,
				E215BE87A462319A2BFB52E2 /* BarometerViewModel.swift */,
			);
			path = Barometer;
			sourceTree = "<group>";
		};
		5CB51CE4EEF2A365FD7F4C69 /* Records */ = {
			isa = PBXGroup;
			children = (
				A640EB79C2ADEAC6C730964E /* RecentRecordsScreen.swift */,
			);
			path = Records;
			sourceTree = "<group>";
		};
		81C4C000A2E70621317D3F39 /* Level */ = {
			isa = PBXGroup;
			children = (
				FAED1C75A833D19875334C33 /* LevelDomain.swift */,
				516E69385DBD389A46FFF652 /* LevelScreen.swift */,
				C6D67B34BDBEB5BE9DD29CD9 /* LevelViewModel.swift */,
			);
			path = Level;
			sourceTree = "<group>";
		};
		A0958AC4B145B8B91FFFC1E3 /* Features */ = {
			isa = PBXGroup;
			children = (
				55A3FCDE8AAA247D519F9FCE /* Barometer */,
				F2DE06FDF0BCB299A522BEF9 /* LabHome */,
				81C4C000A2E70621317D3F39 /* Level */,
				D4A8FEB52A3F944BBC9E72D3 /* MagneticField */,
				5CB51CE4EEF2A365FD7F4C69 /* Records */,
				0B020AA3297273E602FAC86B /* Settings */,
				2B045719F41FF905730A4828 /* Vibration */,
			);
			path = Features;
			sourceTree = "<group>";
		};
		AE09DFB22DAC4F014BBB0BEE /* App */ = {
			isa = PBXGroup;
			children = (
				93A1F20FB33DA1FF0511D83E /* AppSettings.swift */,
				30BDC1CD2CA38BDFA0B75D83 /* AppShell.swift */,
				A6A3A28FA80314CB15DF2A4F /* SenseBureauApp.swift */,
			);
			path = App;
			sourceTree = "<group>";
		};
		B1CB046E6F058EFEA8C02298 /* Products */ = {
			isa = PBXGroup;
			children = (
				BFA551BCAD45419578D28943 /* SenseBureau.app */,
				DBCC42D4E75A65B5FA4837D0 /* SenseBureauTests.xctest */,
				EF6D2C71EE6DE4EB8AEFD20A /* SenseBureauUITests.xctest */,
			);
			name = Products;
			sourceTree = "<group>";
		};
		BA3CA6F46E4E1A0382CC1B10 /* SenseBureauTests */ = {
			isa = PBXGroup;
			children = (
				B2BF698AEDB494928973630B /* AppSettingsTests.swift */,
				EEFA0A5E4370478E530089FD /* BarometerTests.swift */,
				242286AB68595439E0D9CECD /* MagneticFieldLifecycleTests.swift */,
				F12D92C025BC8E5B67329194 /* MagneticFieldMathTests.swift */,
				B155C6F67F33D38901CFA1E9 /* MeasurementRecordStoreTests.swift */,
				A197324F3740C60FAB5187F9 /* MotionModuleTests.swift */,
				2C18F47358E070E94AF72091 /* SenseThemeTests.swift */,
			);
			path = SenseBureauTests;
			sourceTree = "<group>";
		};
		D078B798C55EBA4EBB851D14 /* SenseBureau */ = {
			isa = PBXGroup;
			children = (
				E6F7A6AAB3434B9861252BCC /* Assets.xcassets */,
				AE2810B58BA8F677D2835884 /* Info.plist */,
				AE09DFB22DAC4F014BBB0BEE /* App */,
				A0958AC4B145B8B91FFFC1E3 /* Features */,
				110FF19DBDEAC131CC2EB069 /* MeasurementCore */,
				2412435DE20E1C264BFB4B40 /* Resources */,
				D9098432E700F4C14AC7B1C1 /* Theme */,
			);
			path = SenseBureau;
			sourceTree = "<group>";
		};
		D4A8FEB52A3F944BBC9E72D3 /* MagneticField */ = {
			isa = PBXGroup;
			children = (
				7B2C83D1D768457350848314 /* MagneticFieldDomain.swift */,
				EDF0E23BEF4D60095BE7EF24 /* MagneticFieldScreen.swift */,
				2A3038056FC20A00D3567C56 /* MagneticFieldViewModel.swift */,
				45BEF145A0DFDF26D575156D /* MagneticGuideScreen.swift */,
				D595B19CF4FD0C4723DC674B /* MagnetometerProvider.swift */,
			);
			path = MagneticField;
			sourceTree = "<group>";
		};
		D9098432E700F4C14AC7B1C1 /* Theme */ = {
			isa = PBXGroup;
			children = (
				B0445E20FE455B396B952E7B /* SenseTheme.swift */,
			);
			path = Theme;
			sourceTree = "<group>";
		};
		F2DE06FDF0BCB299A522BEF9 /* LabHome */ = {
			isa = PBXGroup;
			children = (
				4D0A4BCB41B58034947FE990 /* LabHomeScreen.swift */,
			);
			path = LabHome;
			sourceTree = "<group>";
		};
		FAB02DFEF502018FA77EBA2F /* SenseBureauUITests */ = {
			isa = PBXGroup;
			children = (
				E0E069C691175459CE728C04 /* SenseBureauUITests.swift */,
			);
			path = SenseBureauUITests;
			sourceTree = "<group>";
		};
/* End PBXGroup section */

/* Begin PBXNativeTarget section */
		2968DE5BE27AA1EF10537E2B /* SenseBureau */ = {
			isa = PBXNativeTarget;
			buildConfigurationList = 6027A93C9923EDBEC1174F51 /* Build configuration list for PBXNativeTarget "SenseBureau" */;
			buildPhases = (
				967234482870F159B22B13AC /* Sources */,
				11731C49E6782A33A5EF3609 /* Resources */,
			);
			buildRules = (
			);
			dependencies = (
			);
			name = SenseBureau;
			packageProductDependencies = (
			);
			productName = SenseBureau;
			productReference = BFA551BCAD45419578D28943 /* SenseBureau.app */;
			productType = "com.apple.product-type.application";
		};
		A20304CF8188A91CD1B3017C /* SenseBureauUITests */ = {
			isa = PBXNativeTarget;
			buildConfigurationList = 9902F3EDC19CC323A81586AE /* Build configuration list for PBXNativeTarget "SenseBureauUITests" */;
			buildPhases = (
				BC96DF4A5E60641633752528 /* Sources */,
			);
			buildRules = (
			);
			dependencies = (
				2F44999671915CDEE6FD155B /* PBXTargetDependency */,
			);
			name = SenseBureauUITests;
			packageProductDependencies = (
			);
			productName = SenseBureauUITests;
			productReference = EF6D2C71EE6DE4EB8AEFD20A /* SenseBureauUITests.xctest */;
			productType = "com.apple.product-type.bundle.ui-testing";
		};
		F3C664BA57EF5B8A56F68D07 /* SenseBureauTests */ = {
			isa = PBXNativeTarget;
			buildConfigurationList = 2CE62D6328C221184A58060F /* Build configuration list for PBXNativeTarget "SenseBureauTests" */;
			buildPhases = (
				5CF57EFD9281D48E63391A46 /* Sources */,
			);
			buildRules = (
			);
			dependencies = (
				4338CCD90DFE287B19F00B34 /* PBXTargetDependency */,
			);
			name = SenseBureauTests;
			packageProductDependencies = (
			);
			productName = SenseBureauTests;
			productReference = DBCC42D4E75A65B5FA4837D0 /* SenseBureauTests.xctest */;
			productType = "com.apple.product-type.bundle.unit-test";
		};
/* End PBXNativeTarget section */

/* Begin PBXProject section */
		3208FD734B0D622257A77F00 /* Project object */ = {
			isa = PBXProject;
			attributes = {
				BuildIndependentTargetsInParallel = YES;
				LastUpgradeCheck = 2600;
				TargetAttributes = {
					2968DE5BE27AA1EF10537E2B = {
						ProvisioningStyle = Automatic;
					};
					A20304CF8188A91CD1B3017C = {
						ProvisioningStyle = Automatic;
						TestTargetID = 2968DE5BE27AA1EF10537E2B;
					};
					F3C664BA57EF5B8A56F68D07 = {
						ProvisioningStyle = Automatic;
					};
				};
			};
			buildConfigurationList = CCFB4FB4B2ECC3AA0E938A1C /* Build configuration list for PBXProject "SenseBureau" */;
			developmentRegion = en;
			hasScannedForEncodings = 0;
			knownRegions = (
				Base,
				en,
				"zh-Hans",
			);
			mainGroup = 3579373AFECE731526792D9A;
			minimizedProjectReferenceProxies = 1;
			preferredProjectObjectVersion = 77;
			productRefGroup = B1CB046E6F058EFEA8C02298 /* Products */;
			projectDirPath = "";
			projectRoot = "";
			targets = (
				2968DE5BE27AA1EF10537E2B /* SenseBureau */,
				F3C664BA57EF5B8A56F68D07 /* SenseBureauTests */,
				A20304CF8188A91CD1B3017C /* SenseBureauUITests */,
			);
		};
/* End PBXProject section */

/* Begin PBXResourcesBuildPhase section */
		11731C49E6782A33A5EF3609 /* Resources */ = {
			isa = PBXResourcesBuildPhase;
			buildActionMask = 2147483647;
			files = (
				DC1C768F9103773EE9B720C1 /* Assets.xcassets in Resources */,
				AC26995CCEE8EC4F9F7C7CA6 /* Doto-Variable.ttf in Resources */,
				ACB093002EC73D5E1406CD0C /* InfoPlist.strings in Resources */,
				65424F7E27D785F04057BDC4 /* Localizable.strings in Resources */,
				2C5C13FFD1058B2433AFFC1B /* OFL-Doto.txt in Resources */,
			);
			runOnlyForDeploymentPostprocessing = 0;
		};
/* End PBXResourcesBuildPhase section */

/* Begin PBXSourcesBuildPhase section */
		5CF57EFD9281D48E63391A46 /* Sources */ = {
			isa = PBXSourcesBuildPhase;
			buildActionMask = 2147483647;
			files = (
				757AED7246D0FF00CED8AF05 /* AppSettingsTests.swift in Sources */,
				33E7CAF09A2DB3A0CF5A88A4 /* BarometerTests.swift in Sources */,
				DD36902102FFDC6A9FE0D1A0 /* MagneticFieldLifecycleTests.swift in Sources */,
				D3F479BF8B1B07CDB3D26F0A /* MagneticFieldMathTests.swift in Sources */,
				19414B57AE7618675FA45E61 /* MeasurementRecordStoreTests.swift in Sources */,
				011BCDAD0C3B5D35ACFC8F62 /* MotionModuleTests.swift in Sources */,
				23681B6CFDF304D2878A2CDE /* SenseThemeTests.swift in Sources */,
			);
			runOnlyForDeploymentPostprocessing = 0;
		};
		967234482870F159B22B13AC /* Sources */ = {
			isa = PBXSourcesBuildPhase;
			buildActionMask = 2147483647;
			files = (
				EBD1979818510CF48768079F /* AppSettings.swift in Sources */,
				831D81B469879F25401B0096 /* AppShell.swift in Sources */,
				3758C15A8C35DF95B700E7C0 /* BarometerDomain.swift in Sources */,
				C4F78BA09127FEA5C7500FD4 /* BarometerProvider.swift in Sources */,
				C56B3B33765B5168DE2704B7 /* BarometerScreen.swift in Sources */,
				B988EBCF45ACAFC614259A38 /* BarometerViewModel.swift in Sources */,
				FF07387F48A02904D109BAEF /* LabHomeScreen.swift in Sources */,
				2194F757C32EEA9535FF8705 /* LevelDomain.swift in Sources */,
				6FD92AE62AEB87D3DE786989 /* LevelScreen.swift in Sources */,
				4FB014D5FF61AB88B2BBE2A3 /* LevelViewModel.swift in Sources */,
				2796EDDD5590D22106FB080A /* MagneticFieldDomain.swift in Sources */,
				5A82B26295447049C3C39916 /* MagneticFieldScreen.swift in Sources */,
				ED5A58D8D8BECF1304C5A124 /* MagneticFieldViewModel.swift in Sources */,
				1E1225BFCC77D7CD952CA25D /* MagneticGuideScreen.swift in Sources */,
				461DD84653E67FB02AE552CB /* MagnetometerProvider.swift in Sources */,
				08429B877DD68AC475DFC66F /* MeasurementFeedback.swift in Sources */,
				692B47691EEA7E68F7F34845 /* MeasurementRecord.swift in Sources */,
				393FD0919F6B2E37E18892D7 /* MeasurementSessionState.swift in Sources */,
				7AE467267EABD055EC21FA4F /* MotionProvider.swift in Sources */,
				D0B8F7BB23935CA295FD2C3E /* RecentRecordsScreen.swift in Sources */,
				0D76C42B4F78BD7EB20E92EE /* SenseBureauApp.swift in Sources */,
				3873F003801C81339AEC7D58 /* SenseTheme.swift in Sources */,
				DE3A14583078A6364AC3BAE8 /* SensorModuleComponents.swift in Sources */,
				65B403412C4F75E2D96ED44E /* SettingsScreen.swift in Sources */,
				416099E6C7528A08BBE25284 /* VibrationDomain.swift in Sources */,
				5542DC9183248DEC6E3883BE /* VibrationScreen.swift in Sources */,
				3EE4A3862EA9C3D9E75246D4 /* VibrationViewModel.swift in Sources */,
			);
			runOnlyForDeploymentPostprocessing = 0;
		};
		BC96DF4A5E60641633752528 /* Sources */ = {
			isa = PBXSourcesBuildPhase;
			buildActionMask = 2147483647;
			files = (
				0C65D87D0E9FCEC2620EB0D5 /* SenseBureauUITests.swift in Sources */,
			);
			runOnlyForDeploymentPostprocessing = 0;
		};
/* End PBXSourcesBuildPhase section */

/* Begin PBXTargetDependency section */
		2F44999671915CDEE6FD155B /* PBXTargetDependency */ = {
			isa = PBXTargetDependency;
			target = 2968DE5BE27AA1EF10537E2B /* SenseBureau */;
			targetProxy = DB3C5EE11D44019CE4B110CE /* PBXContainerItemProxy */;
		};
		4338CCD90DFE287B19F00B34 /* PBXTargetDependency */ = {
			isa = PBXTargetDependency;
			target = 2968DE5BE27AA1EF10537E2B /* SenseBureau */;
			targetProxy = 4933A8B3D17FFB752B982F65 /* PBXContainerItemProxy */;
		};
/* End PBXTargetDependency section */

/* Begin PBXVariantGroup section */
		8CC0CA5EDA9312CA0D770EC1 /* Localizable.strings */ = {
			isa = PBXVariantGroup;
			children = (
				596B2AF0760CFC791B4F6913 /* en */,
				4C0C13B03FA4EFA191120570 /* zh-Hans */,
			);
			name = Localizable.strings;
			sourceTree = "<group>";
		};
		FF9AB3A6F558D6BD35993F04 /* InfoPlist.strings */ = {
			isa = PBXVariantGroup;
			children = (
				1ECDFA5E1076C6B800F293B1 /* en */,
				916F45AD5AF76B1D1F2870EF /* zh-Hans */,
			);
			name = InfoPlist.strings;
			sourceTree = "<group>";
		};
/* End PBXVariantGroup section */

/* Begin XCBuildConfiguration section */
		23745346DFD3AE6C4540DD7E /* Debug */ = {
			isa = XCBuildConfiguration;
			buildSettings = {
				BUNDLE_LOADER = "$(TEST_HOST)";
				GENERATE_INFOPLIST_FILE = YES;
				LD_RUNPATH_SEARCH_PATHS = (
					"$(inherited)",
					"@executable_path/Frameworks",
					"@loader_path/Frameworks",
				);
				PRODUCT_BUNDLE_IDENTIFIER = com.sensebureau.ios.tests;
				SDKROOT = iphoneos;
				TARGETED_DEVICE_FAMILY = "1,2";
				TEST_HOST = "$(BUILT_PRODUCTS_DIR)/SenseBureau.app/SenseBureau";
			};
			name = Debug;
		};
		25F572B384272EB7FF8DEDF8 /* Release */ = {
			isa = XCBuildConfiguration;
			buildSettings = {
				ALWAYS_SEARCH_USER_PATHS = NO;
				CLANG_ANALYZER_NONNULL = YES;
				CLANG_ANALYZER_NUMBER_OBJECT_CONVERSION = YES_AGGRESSIVE;
				CLANG_CXX_LANGUAGE_STANDARD = "gnu++14";
				CLANG_CXX_LIBRARY = "libc++";
				CLANG_ENABLE_MODULES = YES;
				CLANG_ENABLE_OBJC_ARC = YES;
				CLANG_ENABLE_OBJC_WEAK = YES;
				CLANG_WARN_BLOCK_CAPTURE_AUTORELEASING = YES;
				CLANG_WARN_BOOL_CONVERSION = YES;
				CLANG_WARN_COMMA = YES;
				CLANG_WARN_CONSTANT_CONVERSION = YES;
				CLANG_WARN_DEPRECATED_OBJC_IMPLEMENTATIONS = YES;
				CLANG_WARN_DIRECT_OBJC_ISA_USAGE = YES_ERROR;
				CLANG_WARN_DOCUMENTATION_COMMENTS = YES;
				CLANG_WARN_EMPTY_BODY = YES;
				CLANG_WARN_ENUM_CONVERSION = YES;
				CLANG_WARN_INFINITE_RECURSION = YES;
				CLANG_WARN_INT_CONVERSION = YES;
				CLANG_WARN_NON_LITERAL_NULL_CONVERSION = YES;
				CLANG_WARN_OBJC_IMPLICIT_RETAIN_SELF = YES;
				CLANG_WARN_OBJC_LITERAL_CONVERSION = YES;
				CLANG_WARN_OBJC_ROOT_CLASS = YES_ERROR;
				CLANG_WARN_QUOTED_INCLUDE_IN_FRAMEWORK_HEADER = YES;
				CLANG_WARN_RANGE_LOOP_ANALYSIS = YES;
				CLANG_WARN_STRICT_PROTOTYPES = YES;
				CLANG_WARN_SUSPICIOUS_MOVE = YES;
				CLANG_WARN_UNGUARDED_AVAILABILITY = YES_AGGRESSIVE;
				CLANG_WARN_UNREACHABLE_CODE = YES;
				CLANG_WARN__DUPLICATE_METHOD_MATCH = YES;
				CODE_SIGN_STYLE = Automatic;
				COPY_PHASE_STRIP = NO;
				CURRENT_PROJECT_VERSION = 1;
				DEBUG_INFORMATION_FORMAT = "dwarf-with-dsym";
				ENABLE_NS_ASSERTIONS = NO;
				ENABLE_STRICT_OBJC_MSGSEND = YES;
				GCC_C_LANGUAGE_STANDARD = gnu11;
				GCC_NO_COMMON_BLOCKS = YES;
				GCC_WARN_64_TO_32_BIT_CONVERSION = YES;
				GCC_WARN_ABOUT_RETURN_TYPE = YES_ERROR;
				GCC_WARN_UNDECLARED_SELECTOR = YES;
				GCC_WARN_UNINITIALIZED_AUTOS = YES_AGGRESSIVE;
				GCC_WARN_UNUSED_FUNCTION = YES;
				GCC_WARN_UNUSED_VARIABLE = YES;
				IPHONEOS_DEPLOYMENT_TARGET = 18.0;
				MARKETING_VERSION = 0.1.0;
				MTL_ENABLE_DEBUG_INFO = NO;
				MTL_FAST_MATH = YES;
				PRODUCT_NAME = "$(TARGET_NAME)";
				SDKROOT = iphoneos;
				SWIFT_COMPILATION_MODE = wholemodule;
				SWIFT_OPTIMIZATION_LEVEL = "-O";
				SWIFT_VERSION = 6.0;
			};
			name = Release;
		};
		6027E6E84456F6E9E4F6E648 /* Release */ = {
			isa = XCBuildConfiguration;
			buildSettings = {
				BUNDLE_LOADER = "$(TEST_HOST)";
				GENERATE_INFOPLIST_FILE = YES;
				LD_RUNPATH_SEARCH_PATHS = (
					"$(inherited)",
					"@executable_path/Frameworks",
					"@loader_path/Frameworks",
				);
				PRODUCT_BUNDLE_IDENTIFIER = com.sensebureau.ios.tests;
				SDKROOT = iphoneos;
				TARGETED_DEVICE_FAMILY = "1,2";
				TEST_HOST = "$(BUILT_PRODUCTS_DIR)/SenseBureau.app/SenseBureau";
			};
			name = Release;
		};
		91200795413FDD43DF281404 /* Debug */ = {
			isa = XCBuildConfiguration;
			buildSettings = {
				ALWAYS_SEARCH_USER_PATHS = NO;
				CLANG_ANALYZER_NONNULL = YES;
				CLANG_ANALYZER_NUMBER_OBJECT_CONVERSION = YES_AGGRESSIVE;
				CLANG_CXX_LANGUAGE_STANDARD = "gnu++14";
				CLANG_CXX_LIBRARY = "libc++";
				CLANG_ENABLE_MODULES = YES;
				CLANG_ENABLE_OBJC_ARC = YES;
				CLANG_ENABLE_OBJC_WEAK = YES;
				CLANG_WARN_BLOCK_CAPTURE_AUTORELEASING = YES;
				CLANG_WARN_BOOL_CONVERSION = YES;
				CLANG_WARN_COMMA = YES;
				CLANG_WARN_CONSTANT_CONVERSION = YES;
				CLANG_WARN_DEPRECATED_OBJC_IMPLEMENTATIONS = YES;
				CLANG_WARN_DIRECT_OBJC_ISA_USAGE = YES_ERROR;
				CLANG_WARN_DOCUMENTATION_COMMENTS = YES;
				CLANG_WARN_EMPTY_BODY = YES;
				CLANG_WARN_ENUM_CONVERSION = YES;
				CLANG_WARN_INFINITE_RECURSION = YES;
				CLANG_WARN_INT_CONVERSION = YES;
				CLANG_WARN_NON_LITERAL_NULL_CONVERSION = YES;
				CLANG_WARN_OBJC_IMPLICIT_RETAIN_SELF = YES;
				CLANG_WARN_OBJC_LITERAL_CONVERSION = YES;
				CLANG_WARN_OBJC_ROOT_CLASS = YES_ERROR;
				CLANG_WARN_QUOTED_INCLUDE_IN_FRAMEWORK_HEADER = YES;
				CLANG_WARN_RANGE_LOOP_ANALYSIS = YES;
				CLANG_WARN_STRICT_PROTOTYPES = YES;
				CLANG_WARN_SUSPICIOUS_MOVE = YES;
				CLANG_WARN_UNGUARDED_AVAILABILITY = YES_AGGRESSIVE;
				CLANG_WARN_UNREACHABLE_CODE = YES;
				CLANG_WARN__DUPLICATE_METHOD_MATCH = YES;
				CODE_SIGN_STYLE = Automatic;
				COPY_PHASE_STRIP = NO;
				CURRENT_PROJECT_VERSION = 1;
				DEBUG_INFORMATION_FORMAT = dwarf;
				ENABLE_STRICT_OBJC_MSGSEND = YES;
				ENABLE_TESTABILITY = YES;
				GCC_C_LANGUAGE_STANDARD = gnu11;
				GCC_DYNAMIC_NO_PIC = NO;
				GCC_NO_COMMON_BLOCKS = YES;
				GCC_OPTIMIZATION_LEVEL = 0;
				GCC_PREPROCESSOR_DEFINITIONS = (
					"$(inherited)",
					"DEBUG=1",
				);
				GCC_WARN_64_TO_32_BIT_CONVERSION = YES;
				GCC_WARN_ABOUT_RETURN_TYPE = YES_ERROR;
				GCC_WARN_UNDECLARED_SELECTOR = YES;
				GCC_WARN_UNINITIALIZED_AUTOS = YES_AGGRESSIVE;
				GCC_WARN_UNUSED_FUNCTION = YES;
				GCC_WARN_UNUSED_VARIABLE = YES;
				IPHONEOS_DEPLOYMENT_TARGET = 18.0;
				MARKETING_VERSION = 0.1.0;
				MTL_ENABLE_DEBUG_INFO = INCLUDE_SOURCE;
				MTL_FAST_MATH = YES;
				ONLY_ACTIVE_ARCH = YES;
				PRODUCT_NAME = "$(TARGET_NAME)";
				SDKROOT = iphoneos;
				SWIFT_ACTIVE_COMPILATION_CONDITIONS = DEBUG;
				SWIFT_OPTIMIZATION_LEVEL = "-Onone";
				SWIFT_VERSION = 6.0;
			};
			name = Debug;
		};
		951A39D5D6447B4DF49FDFDD /* Release */ = {
			isa = XCBuildConfiguration;
			buildSettings = {
				BUNDLE_LOADER = "$(TEST_HOST)";
				GENERATE_INFOPLIST_FILE = YES;
				LD_RUNPATH_SEARCH_PATHS = (
					"$(inherited)",
					"@executable_path/Frameworks",
					"@loader_path/Frameworks",
				);
				PRODUCT_BUNDLE_IDENTIFIER = com.sensebureau.ios.uitests;
				SDKROOT = iphoneos;
				TARGETED_DEVICE_FAMILY = "1,2";
				TEST_TARGET_NAME = SenseBureau;
			};
			name = Release;
		};
		CC5581723048CD7F1B3BF7FD /* Release */ = {
			isa = XCBuildConfiguration;
			buildSettings = {
				ASSETCATALOG_COMPILER_APPICON_NAME = "";
				ASSETCATALOG_COMPILER_GLOBAL_ACCENT_COLOR_NAME = AccentColor;
				CODE_SIGN_IDENTITY = "iPhone Developer";
				ENABLE_USER_SCRIPT_SANDBOXING = YES;
				INFOPLIST_FILE = SenseBureau/Info.plist;
				LD_RUNPATH_SEARCH_PATHS = (
					"$(inherited)",
					"@executable_path/Frameworks",
				);
				PRODUCT_BUNDLE_IDENTIFIER = com.sensebureau.ios;
				SDKROOT = iphoneos;
				TARGETED_DEVICE_FAMILY = 1;
			};
			name = Release;
		};
		CE32F21D016F12707AC5A0CB /* Debug */ = {
			isa = XCBuildConfiguration;
			buildSettings = {
				BUNDLE_LOADER = "$(TEST_HOST)";
				GENERATE_INFOPLIST_FILE = YES;
				LD_RUNPATH_SEARCH_PATHS = (
					"$(inherited)",
					"@executable_path/Frameworks",
					"@loader_path/Frameworks",
				);
				PRODUCT_BUNDLE_IDENTIFIER = com.sensebureau.ios.uitests;
				SDKROOT = iphoneos;
				TARGETED_DEVICE_FAMILY = "1,2";
				TEST_TARGET_NAME = SenseBureau;
			};
			name = Debug;
		};
		F60B6EFC2F652B03A52EB9BA /* Debug */ = {
			isa = XCBuildConfiguration;
			buildSettings = {
				ASSETCATALOG_COMPILER_APPICON_NAME = "";
				ASSETCATALOG_COMPILER_GLOBAL_ACCENT_COLOR_NAME = AccentColor;
				CODE_SIGN_IDENTITY = "iPhone Developer";
				ENABLE_USER_SCRIPT_SANDBOXING = YES;
				INFOPLIST_FILE = SenseBureau/Info.plist;
				LD_RUNPATH_SEARCH_PATHS = (
					"$(inherited)",
					"@executable_path/Frameworks",
				);
				PRODUCT_BUNDLE_IDENTIFIER = com.sensebureau.ios;
				SDKROOT = iphoneos;
				TARGETED_DEVICE_FAMILY = 1;
			};
			name = Debug;
		};
/* End XCBuildConfiguration section */

/* Begin XCConfigurationList section */
		2CE62D6328C221184A58060F /* Build configuration list for PBXNativeTarget "SenseBureauTests" */ = {
			isa = XCConfigurationList;
			buildConfigurations = (
				23745346DFD3AE6C4540DD7E /* Debug */,
				6027E6E84456F6E9E4F6E648 /* Release */,
			);
			defaultConfigurationIsVisible = 0;
			defaultConfigurationName = Debug;
		};
		6027A93C9923EDBEC1174F51 /* Build configuration list for PBXNativeTarget "SenseBureau" */ = {
			isa = XCConfigurationList;
			buildConfigurations = (
				F60B6EFC2F652B03A52EB9BA /* Debug */,
				CC5581723048CD7F1B3BF7FD /* Release */,
			);
			defaultConfigurationIsVisible = 0;
			defaultConfigurationName = Debug;
		};
		9902F3EDC19CC323A81586AE /* Build configuration list for PBXNativeTarget "SenseBureauUITests" */ = {
			isa = XCConfigurationList;
			buildConfigurations = (
				CE32F21D016F12707AC5A0CB /* Debug */,
				951A39D5D6447B4DF49FDFDD /* Release */,
			);
			defaultConfigurationIsVisible = 0;
			defaultConfigurationName = Debug;
		};
		CCFB4FB4B2ECC3AA0E938A1C /* Build configuration list for PBXProject "SenseBureau" */ = {
			isa = XCConfigurationList;
			buildConfigurations = (
				91200795413FDD43DF281404 /* Debug */,
				25F572B384272EB7FF8DEDF8 /* Release */,
			);
			defaultConfigurationIsVisible = 0;
			defaultConfigurationName = Debug;
		};
/* End XCConfigurationList section */
	};
	rootObject = 3208FD734B0D622257A77F00 /* Project object */;
}
